
Microsoft Visual Studio Solution File, Format Version 12.00
# Visual Studio 15
VisualStudioVersion = 15.0.28010.2036
MinimumVisualStudioVersion = 10.0.40219.1
Project("{2150E333-8FDC-42A3-9474-1A3956D46DE8}") = "Solution Items", "Solution Items", "{8D4D8F57-63F6-45F5-A5CE-B2C9FF228316}"
	ProjectSection(SolutionItems) = preProject
		app.js = app.js
		homepage.html = homepage.html
		Style.css = Style.css
	EndProjectSection
EndProject
Global
	GlobalSection(SolutionProperties) = preSolution
		HideSolutionNode = FALSE
	EndGlobalSection
	GlobalSection(ExtensibilityGlobals) = postSolution
		SolutionGuid = {0DEA6BA0-8AD3-47FD-85DC-C9AC414EC3C9}
	EndGlobalSection
EndGlobal
